{
  "name": "@eg/react-app-polyfill",
  "version": "0.2.0",
  "lockfileVersion": 1,
  "requires": true,
  "dependencies": {
    "core-js": {
      "version": "3.0.1",
      "resolved": "https://www.myget.org/F/eg-development/auth/d2fa5255-2bb5-4cf8-b8eb-0190bf2de175/npm/core-js/-/core-js-3.0.1.tgz",
      "integrity": "sha1-E0MYJjQpj384Yi+V5z9U5I3fRzg="
    }
  }
}
